
Microsoft Visual Studio Solution File, Format Version 10.00
# Visual Studio 2008
Project("{E24C65DC-7377-472B-9ABA-BC803B73C61A}") = "ControlesUsuarios", ".", "{45FDB2FF-BE38-4175-9170-EEF5DDFDCD8F}"
	ProjectSection(WebsiteProperties) = preProject
		TargetFramework = "3.5"
		Debug.AspNetCompiler.VirtualPath = "/ControlesUsuarios"
		Debug.AspNetCompiler.PhysicalPath = "Z:\ControlesUsuarios\"
		Debug.AspNetCompiler.TargetPath = "PrecompiledWeb\ControlesUsuarios\"
		Debug.AspNetCompiler.Updateable = "true"
		Debug.AspNetCompiler.ForceOverwrite = "true"
		Debug.AspNetCompiler.FixedNames = "false"
		Debug.AspNetCompiler.Debug = "True"
		Release.AspNetCompiler.VirtualPath = "/ControlesUsuarios"
		Release.AspNetCompiler.PhysicalPath = "Z:\ControlesUsuarios\"
		Release.AspNetCompiler.TargetPath = "PrecompiledWeb\ControlesUsuarios\"
		Release.AspNetCompiler.Updateable = "true"
		Release.AspNetCompiler.ForceOverwrite = "true"
		Release.AspNetCompiler.FixedNames = "false"
		Release.AspNetCompiler.Debug = "False"
		VWDPort = "1098"
	EndProjectSection
EndProject
Global
	GlobalSection(SolutionConfigurationPlatforms) = preSolution
		Debug|Any CPU = Debug|Any CPU
	EndGlobalSection
	GlobalSection(ProjectConfigurationPlatforms) = postSolution
		{45FDB2FF-BE38-4175-9170-EEF5DDFDCD8F}.Debug|Any CPU.ActiveCfg = Debug|Any CPU
		{45FDB2FF-BE38-4175-9170-EEF5DDFDCD8F}.Debug|Any CPU.Build.0 = Debug|Any CPU
	EndGlobalSection
	GlobalSection(SolutionProperties) = preSolution
		HideSolutionNode = FALSE
	EndGlobalSection
EndGlobal
