
Microsoft Visual Studio Solution File, Format Version 10.00
# Visual Studio 2008
Project("{FAE04EC0-301F-11D3-BF4B-00C04F79EFBC}") = "Repaso", "Repaso\Repaso.csproj", "{3F8ED353-7EF8-4682-8281-16E53218743C}"
EndProject
Project("{FAE04EC0-301F-11D3-BF4B-00C04F79EFBC}") = "ClassLibrary1", "ClassLibrary1\ClassLibrary1.csproj", "{A9DA0051-AA36-404E-BA5B-14315422D067}"
EndProject
Global
	GlobalSection(SolutionConfigurationPlatforms) = preSolution
		Debug|Any CPU = Debug|Any CPU
		Release|Any CPU = Release|Any CPU
	EndGlobalSection
	GlobalSection(ProjectConfigurationPlatforms) = postSolution
		{3F8ED353-7EF8-4682-8281-16E53218743C}.Debug|Any CPU.ActiveCfg = Debug|Any CPU
		{3F8ED353-7EF8-4682-8281-16E53218743C}.Debug|Any CPU.Build.0 = Debug|Any CPU
		{3F8ED353-7EF8-4682-8281-16E53218743C}.Release|Any CPU.ActiveCfg = Release|Any CPU
		{3F8ED353-7EF8-4682-8281-16E53218743C}.Release|Any CPU.Build.0 = Release|Any CPU
		{A9DA0051-AA36-404E-BA5B-14315422D067}.Debug|Any CPU.ActiveCfg = Debug|Any CPU
		{A9DA0051-AA36-404E-BA5B-14315422D067}.Debug|Any CPU.Build.0 = Debug|Any CPU
		{A9DA0051-AA36-404E-BA5B-14315422D067}.Release|Any CPU.ActiveCfg = Release|Any CPU
		{A9DA0051-AA36-404E-BA5B-14315422D067}.Release|Any CPU.Build.0 = Release|Any CPU
	EndGlobalSection
	GlobalSection(SolutionProperties) = preSolution
		HideSolutionNode = FALSE
	EndGlobalSection
EndGlobal
