
Microsoft Visual Studio Solution File, Format Version 10.00
# Visual Studio 2008
Project("{FAE04EC0-301F-11D3-BF4B-00C04F79EFBC}") = "Objetos", "Objetos\Objetos.csproj", "{91AD7FCA-2D76-4F9D-AE49-5E40207B0407}"
EndProject
Project("{FAE04EC0-301F-11D3-BF4B-00C04F79EFBC}") = "MiDll", "MiDll\MiDll.csproj", "{0CD1C932-08CB-42A2-9DB5-254B593319AB}"
EndProject
Global
	GlobalSection(SolutionConfigurationPlatforms) = preSolution
		Debug|Any CPU = Debug|Any CPU
		Release|Any CPU = Release|Any CPU
	EndGlobalSection
	GlobalSection(ProjectConfigurationPlatforms) = postSolution
		{91AD7FCA-2D76-4F9D-AE49-5E40207B0407}.Debug|Any CPU.ActiveCfg = Debug|Any CPU
		{91AD7FCA-2D76-4F9D-AE49-5E40207B0407}.Debug|Any CPU.Build.0 = Debug|Any CPU
		{91AD7FCA-2D76-4F9D-AE49-5E40207B0407}.Release|Any CPU.ActiveCfg = Release|Any CPU
		{91AD7FCA-2D76-4F9D-AE49-5E40207B0407}.Release|Any CPU.Build.0 = Release|Any CPU
		{0CD1C932-08CB-42A2-9DB5-254B593319AB}.Debug|Any CPU.ActiveCfg = Debug|Any CPU
		{0CD1C932-08CB-42A2-9DB5-254B593319AB}.Debug|Any CPU.Build.0 = Debug|Any CPU
		{0CD1C932-08CB-42A2-9DB5-254B593319AB}.Release|Any CPU.ActiveCfg = Release|Any CPU
		{0CD1C932-08CB-42A2-9DB5-254B593319AB}.Release|Any CPU.Build.0 = Release|Any CPU
	EndGlobalSection
	GlobalSection(SolutionProperties) = preSolution
		HideSolutionNode = FALSE
	EndGlobalSection
EndGlobal
