
Microsoft Visual Studio Solution File, Format Version 10.00
# Visual Studio 2008
Project("{FAE04EC0-301F-11D3-BF4B-00C04F79EFBC}") = "modulo2ejercicio1", "modulo2ejercicio1\modulo2ejercicio1.csproj", "{EA2EE739-7A7C-4F54-BFC2-90231664146B}"
EndProject
Global
	GlobalSection(SolutionConfigurationPlatforms) = preSolution
		Debug|Any CPU = Debug|Any CPU
		Release|Any CPU = Release|Any CPU
	EndGlobalSection
	GlobalSection(ProjectConfigurationPlatforms) = postSolution
		{EA2EE739-7A7C-4F54-BFC2-90231664146B}.Debug|Any CPU.ActiveCfg = Debug|Any CPU
		{EA2EE739-7A7C-4F54-BFC2-90231664146B}.Debug|Any CPU.Build.0 = Debug|Any CPU
		{EA2EE739-7A7C-4F54-BFC2-90231664146B}.Release|Any CPU.ActiveCfg = Release|Any CPU
		{EA2EE739-7A7C-4F54-BFC2-90231664146B}.Release|Any CPU.Build.0 = Release|Any CPU
	EndGlobalSection
	GlobalSection(SolutionProperties) = preSolution
		HideSolutionNode = FALSE
	EndGlobalSection
EndGlobal
