
Microsoft Visual Studio Solution File, Format Version 10.00
# Visual Studio 2008
Project("{FAE04EC0-301F-11D3-BF4B-00C04F79EFBC}") = "Clase Cliente", "Clase Cliente\Clase Cliente.csproj", "{08466B5D-81D0-4465-A09B-6E7A596AE59E}"
EndProject
Global
	GlobalSection(SolutionConfigurationPlatforms) = preSolution
		Debug|Any CPU = Debug|Any CPU
		Release|Any CPU = Release|Any CPU
	EndGlobalSection
	GlobalSection(ProjectConfigurationPlatforms) = postSolution
		{08466B5D-81D0-4465-A09B-6E7A596AE59E}.Debug|Any CPU.ActiveCfg = Debug|Any CPU
		{08466B5D-81D0-4465-A09B-6E7A596AE59E}.Debug|Any CPU.Build.0 = Debug|Any CPU
		{08466B5D-81D0-4465-A09B-6E7A596AE59E}.Release|Any CPU.ActiveCfg = Release|Any CPU
		{08466B5D-81D0-4465-A09B-6E7A596AE59E}.Release|Any CPU.Build.0 = Release|Any CPU
	EndGlobalSection
	GlobalSection(SolutionProperties) = preSolution
		HideSolutionNode = FALSE
	EndGlobalSection
EndGlobal
