
Microsoft Visual Studio Solution File, Format Version 10.00
# Visual Studio 2008
Project("{E24C65DC-7377-472B-9ABA-BC803B73C61A}") = "EjemploCodigos", "..\..\..\..\..\..\IntermedioTarde\EjemploCodigos\", "{0A2D68FD-7859-4E2C-B268-BC87495B4836}"
	ProjectSection(WebsiteProperties) = preProject
		TargetFramework = "3.5"
		Debug.AspNetCompiler.VirtualPath = "/EjemploCodigos"
		Debug.AspNetCompiler.PhysicalPath = "..\..\..\..\..\..\IntermedioTarde\EjemploCodigos\"
		Debug.AspNetCompiler.TargetPath = "PrecompiledWeb\EjemploCodigos\"
		Debug.AspNetCompiler.Updateable = "true"
		Debug.AspNetCompiler.ForceOverwrite = "true"
		Debug.AspNetCompiler.FixedNames = "false"
		Debug.AspNetCompiler.Debug = "True"
		Release.AspNetCompiler.VirtualPath = "/EjemploCodigos"
		Release.AspNetCompiler.PhysicalPath = "..\..\..\..\..\..\IntermedioTarde\EjemploCodigos\"
		Release.AspNetCompiler.TargetPath = "PrecompiledWeb\EjemploCodigos\"
		Release.AspNetCompiler.Updateable = "true"
		Release.AspNetCompiler.ForceOverwrite = "true"
		Release.AspNetCompiler.FixedNames = "false"
		Release.AspNetCompiler.Debug = "False"
		VWDPort = "1036"
		DefaultWebSiteLanguage = "Visual C#"
	EndProjectSection
EndProject
Global
	GlobalSection(SolutionConfigurationPlatforms) = preSolution
		Debug|Any CPU = Debug|Any CPU
	EndGlobalSection
	GlobalSection(ProjectConfigurationPlatforms) = postSolution
		{0A2D68FD-7859-4E2C-B268-BC87495B4836}.Debug|Any CPU.ActiveCfg = Debug|Any CPU
		{0A2D68FD-7859-4E2C-B268-BC87495B4836}.Debug|Any CPU.Build.0 = Debug|Any CPU
	EndGlobalSection
	GlobalSection(SolutionProperties) = preSolution
		HideSolutionNode = FALSE
	EndGlobalSection
EndGlobal
