
Microsoft Visual Studio Solution File, Format Version 10.00
# Visual Studio 2008
Project("{E24C65DC-7377-472B-9ABA-BC803B73C61A}") = "Validacion", "C:\IntermedioManiana\Validacion\", "{9397CDAC-3408-465D-93F7-C12B464E4723}"
	ProjectSection(WebsiteProperties) = preProject
		TargetFramework = "3.5"
		Debug.AspNetCompiler.VirtualPath = "/Validacion"
		Debug.AspNetCompiler.PhysicalPath = "C:\IntermedioManiana\Validacion\"
		Debug.AspNetCompiler.TargetPath = "PrecompiledWeb\Validacion\"
		Debug.AspNetCompiler.Updateable = "true"
		Debug.AspNetCompiler.ForceOverwrite = "true"
		Debug.AspNetCompiler.FixedNames = "false"
		Debug.AspNetCompiler.Debug = "True"
		Release.AspNetCompiler.VirtualPath = "/Validacion"
		Release.AspNetCompiler.PhysicalPath = "C:\IntermedioManiana\Validacion\"
		Release.AspNetCompiler.TargetPath = "PrecompiledWeb\Validacion\"
		Release.AspNetCompiler.Updateable = "true"
		Release.AspNetCompiler.ForceOverwrite = "true"
		Release.AspNetCompiler.FixedNames = "false"
		Release.AspNetCompiler.Debug = "False"
		VWDPort = "1033"
		DefaultWebSiteLanguage = "Visual C#"
	EndProjectSection
EndProject
Global
	GlobalSection(SolutionConfigurationPlatforms) = preSolution
		Debug|Any CPU = Debug|Any CPU
	EndGlobalSection
	GlobalSection(ProjectConfigurationPlatforms) = postSolution
		{9397CDAC-3408-465D-93F7-C12B464E4723}.Debug|Any CPU.ActiveCfg = Debug|Any CPU
		{9397CDAC-3408-465D-93F7-C12B464E4723}.Debug|Any CPU.Build.0 = Debug|Any CPU
	EndGlobalSection
	GlobalSection(SolutionProperties) = preSolution
		HideSolutionNode = FALSE
	EndGlobalSection
EndGlobal
