
Microsoft Visual Studio Solution File, Format Version 10.00
# Visual Studio 2008
Project("{E24C65DC-7377-472B-9ABA-BC803B73C61A}") = "modulo12seguridad", "..\..\..\..\Desktop\modulo12seguridad\", "{43BCD760-CD8C-470E-9AE2-19D49364CEC7}"
	ProjectSection(WebsiteProperties) = preProject
		TargetFramework = "3.5"
		Debug.AspNetCompiler.VirtualPath = "/modulo12seguridad"
		Debug.AspNetCompiler.PhysicalPath = "..\..\..\..\Desktop\modulo12seguridad\"
		Debug.AspNetCompiler.TargetPath = "PrecompiledWeb\modulo12seguridad\"
		Debug.AspNetCompiler.Updateable = "true"
		Debug.AspNetCompiler.ForceOverwrite = "true"
		Debug.AspNetCompiler.FixedNames = "false"
		Debug.AspNetCompiler.Debug = "True"
		Release.AspNetCompiler.VirtualPath = "/modulo12seguridad"
		Release.AspNetCompiler.PhysicalPath = "..\..\..\..\Desktop\modulo12seguridad\"
		Release.AspNetCompiler.TargetPath = "PrecompiledWeb\modulo12seguridad\"
		Release.AspNetCompiler.Updateable = "true"
		Release.AspNetCompiler.ForceOverwrite = "true"
		Release.AspNetCompiler.FixedNames = "false"
		Release.AspNetCompiler.Debug = "False"
		VWDPort = "1132"
		DefaultWebSiteLanguage = "Visual C#"
	EndProjectSection
EndProject
Global
	GlobalSection(SolutionConfigurationPlatforms) = preSolution
		Debug|Any CPU = Debug|Any CPU
	EndGlobalSection
	GlobalSection(ProjectConfigurationPlatforms) = postSolution
		{43BCD760-CD8C-470E-9AE2-19D49364CEC7}.Debug|Any CPU.ActiveCfg = Debug|Any CPU
		{43BCD760-CD8C-470E-9AE2-19D49364CEC7}.Debug|Any CPU.Build.0 = Debug|Any CPU
	EndGlobalSection
	GlobalSection(SolutionProperties) = preSolution
		HideSolutionNode = FALSE
	EndGlobalSection
EndGlobal
