
Microsoft Visual Studio Solution File, Format Version 10.00
# Visual Studio 2008
Project("{FAE04EC0-301F-11D3-BF4B-00C04F79EFBC}") = "Ejemplo1", "Ejemplo1\Ejemplo1.csproj", "{8FD4A191-5817-453A-AFC7-7AFC4F003747}"
EndProject
Global
	GlobalSection(SolutionConfigurationPlatforms) = preSolution
		Debug|Any CPU = Debug|Any CPU
		Release|Any CPU = Release|Any CPU
	EndGlobalSection
	GlobalSection(ProjectConfigurationPlatforms) = postSolution
		{8FD4A191-5817-453A-AFC7-7AFC4F003747}.Debug|Any CPU.ActiveCfg = Debug|Any CPU
		{8FD4A191-5817-453A-AFC7-7AFC4F003747}.Debug|Any CPU.Build.0 = Debug|Any CPU
		{8FD4A191-5817-453A-AFC7-7AFC4F003747}.Release|Any CPU.ActiveCfg = Release|Any CPU
		{8FD4A191-5817-453A-AFC7-7AFC4F003747}.Release|Any CPU.Build.0 = Release|Any CPU
	EndGlobalSection
	GlobalSection(SolutionProperties) = preSolution
		HideSolutionNode = FALSE
	EndGlobalSection
EndGlobal
