
Microsoft Visual Studio Solution File, Format Version 10.00
# Visual Studio 2008
Project("{FAE04EC0-301F-11D3-BF4B-00C04F79EFBC}") = "Repaso1", "Repaso1\Repaso1.csproj", "{CF44DD89-B3F4-4604-ACCA-64377EC6C78C}"
EndProject
Global
	GlobalSection(SolutionConfigurationPlatforms) = preSolution
		Debug|Any CPU = Debug|Any CPU
		Release|Any CPU = Release|Any CPU
	EndGlobalSection
	GlobalSection(ProjectConfigurationPlatforms) = postSolution
		{CF44DD89-B3F4-4604-ACCA-64377EC6C78C}.Debug|Any CPU.ActiveCfg = Debug|Any CPU
		{CF44DD89-B3F4-4604-ACCA-64377EC6C78C}.Debug|Any CPU.Build.0 = Debug|Any CPU
		{CF44DD89-B3F4-4604-ACCA-64377EC6C78C}.Release|Any CPU.ActiveCfg = Release|Any CPU
		{CF44DD89-B3F4-4604-ACCA-64377EC6C78C}.Release|Any CPU.Build.0 = Release|Any CPU
	EndGlobalSection
	GlobalSection(SolutionProperties) = preSolution
		HideSolutionNode = FALSE
	EndGlobalSection
EndGlobal
