
Microsoft Visual Studio Solution File, Format Version 10.00
# Visual Studio 2008
Project("{FAE04EC0-301F-11D3-BF4B-00C04F79EFBC}") = "EJEMPLO1", "EJEMPLO1\EJEMPLO1.csproj", "{7260A02C-2ADC-4624-AFFA-A1B1EA14F6DE}"
EndProject
Project("{FAE04EC0-301F-11D3-BF4B-00C04F79EFBC}") = "ClassLibrary1", "..\ClassLibrary1\ClassLibrary1.csproj", "{29F604E1-7DCD-4F7A-B57C-0FC33BC5C288}"
EndProject
Global
	GlobalSection(SolutionConfigurationPlatforms) = preSolution
		Debug|Any CPU = Debug|Any CPU
		Release|Any CPU = Release|Any CPU
	EndGlobalSection
	GlobalSection(ProjectConfigurationPlatforms) = postSolution
		{7260A02C-2ADC-4624-AFFA-A1B1EA14F6DE}.Debug|Any CPU.ActiveCfg = Debug|Any CPU
		{7260A02C-2ADC-4624-AFFA-A1B1EA14F6DE}.Debug|Any CPU.Build.0 = Debug|Any CPU
		{7260A02C-2ADC-4624-AFFA-A1B1EA14F6DE}.Release|Any CPU.ActiveCfg = Release|Any CPU
		{7260A02C-2ADC-4624-AFFA-A1B1EA14F6DE}.Release|Any CPU.Build.0 = Release|Any CPU
		{29F604E1-7DCD-4F7A-B57C-0FC33BC5C288}.Debug|Any CPU.ActiveCfg = Debug|Any CPU
		{29F604E1-7DCD-4F7A-B57C-0FC33BC5C288}.Debug|Any CPU.Build.0 = Debug|Any CPU
		{29F604E1-7DCD-4F7A-B57C-0FC33BC5C288}.Release|Any CPU.ActiveCfg = Release|Any CPU
		{29F604E1-7DCD-4F7A-B57C-0FC33BC5C288}.Release|Any CPU.Build.0 = Release|Any CPU
	EndGlobalSection
	GlobalSection(SolutionProperties) = preSolution
		HideSolutionNode = FALSE
	EndGlobalSection
EndGlobal
