
Microsoft Visual Studio Solution File, Format Version 10.00
# Visual Studio 2008
Project("{FAE04EC0-301F-11D3-BF4B-00C04F79EFBC}") = "ListaClientes", "ListaClientes\ListaClientes.csproj", "{A6D36984-1251-4C3A-A468-F879872D0030}"
EndProject
Project("{FAE04EC0-301F-11D3-BF4B-00C04F79EFBC}") = "Clases", "Clases\Clases.csproj", "{15D2686C-4134-4FDB-B4CF-4A47D74F1A9B}"
EndProject
Global
	GlobalSection(SolutionConfigurationPlatforms) = preSolution
		Debug|Any CPU = Debug|Any CPU
		Release|Any CPU = Release|Any CPU
	EndGlobalSection
	GlobalSection(ProjectConfigurationPlatforms) = postSolution
		{A6D36984-1251-4C3A-A468-F879872D0030}.Debug|Any CPU.ActiveCfg = Debug|Any CPU
		{A6D36984-1251-4C3A-A468-F879872D0030}.Debug|Any CPU.Build.0 = Debug|Any CPU
		{A6D36984-1251-4C3A-A468-F879872D0030}.Release|Any CPU.ActiveCfg = Release|Any CPU
		{A6D36984-1251-4C3A-A468-F879872D0030}.Release|Any CPU.Build.0 = Release|Any CPU
		{15D2686C-4134-4FDB-B4CF-4A47D74F1A9B}.Debug|Any CPU.ActiveCfg = Debug|Any CPU
		{15D2686C-4134-4FDB-B4CF-4A47D74F1A9B}.Debug|Any CPU.Build.0 = Debug|Any CPU
		{15D2686C-4134-4FDB-B4CF-4A47D74F1A9B}.Release|Any CPU.ActiveCfg = Release|Any CPU
		{15D2686C-4134-4FDB-B4CF-4A47D74F1A9B}.Release|Any CPU.Build.0 = Release|Any CPU
	EndGlobalSection
	GlobalSection(SolutionProperties) = preSolution
		HideSolutionNode = FALSE
	EndGlobalSection
EndGlobal
